
Microsoft Visual Studio Solution File, Format Version 12.00
# Visual Studio Version 16
VisualStudioVersion = 16.0.30717.126
MinimumVisualStudioVersion = 10.0.40219.1
Project("{FAE04EC0-301F-11D3-BF4B-00C04F79EFBC}") = "Cgp.Calc", "Fasetto.word\Cgp.Calc.csproj", "{62A2520E-262C-406E-B2E4-EB832C02737B}"
EndProject
Global
	GlobalSection(SolutionConfigurationPlatforms) = preSolution
		Debug|Any CPU = Debug|Any CPU
		Release|Any CPU = Release|Any CPU
	EndGlobalSection
	GlobalSection(ProjectConfigurationPlatforms) = postSolution
		{62A2520E-262C-406E-B2E4-EB832C02737B}.Debug|Any CPU.ActiveCfg = Debug|Any CPU
		{62A2520E-262C-406E-B2E4-EB832C02737B}.Debug|Any CPU.Build.0 = Debug|Any CPU
		{62A2520E-262C-406E-B2E4-EB832C02737B}.Release|Any CPU.ActiveCfg = Release|Any CPU
		{62A2520E-262C-406E-B2E4-EB832C02737B}.Release|Any CPU.Build.0 = Release|Any CPU
	EndGlobalSection
	GlobalSection(SolutionProperties) = preSolution
		HideSolutionNode = FALSE
	EndGlobalSection
	GlobalSection(ExtensibilityGlobals) = postSolution
		SolutionGuid = {6DBD7A44-4AF8-4684-B3BC-C77AE950389A}
	EndGlobalSection
EndGlobal
